
Microsoft Visual Studio Solution File, Format Version 11.00
# Visual Studio 2010
Project("{FAE04EC0-301F-11D3-BF4B-00C04F79EFBC}") = "FBPLibrary", "FBPLibrary\FBPLibrary.csproj", "{ACCA3D36-14BE-456E-BBBB-9FA4214F7E9B}"
EndProject
Project("{FAE04EC0-301F-11D3-BF4B-00C04F79EFBC}") = "Common", "..\..\..\..\..\..\Temp\Sunriver\SunriverDatabase\Common\Common.csproj", "{F42E57F0-2327-4E3D-B9F6-2403B6C6CC9D}"
EndProject
Project("{FAE04EC0-301F-11D3-BF4B-00C04F79EFBC}") = "BettingPool_Client", "BettingPool_Client\BettingPool_Client.csproj", "{0B98B72C-D435-4747-AEFC-04E8E862A06F}"
EndProject
Global
	GlobalSection(SolutionConfigurationPlatforms) = preSolution
		Debug|Any CPU = Debug|Any CPU
		Release|Any CPU = Release|Any CPU
	EndGlobalSection
	GlobalSection(ProjectConfigurationPlatforms) = postSolution
		{ACCA3D36-14BE-456E-BBBB-9FA4214F7E9B}.Debug|Any CPU.ActiveCfg = Debug|Any CPU
		{ACCA3D36-14BE-456E-BBBB-9FA4214F7E9B}.Debug|Any CPU.Build.0 = Debug|Any CPU
		{ACCA3D36-14BE-456E-BBBB-9FA4214F7E9B}.Release|Any CPU.ActiveCfg = Release|Any CPU
		{ACCA3D36-14BE-456E-BBBB-9FA4214F7E9B}.Release|Any CPU.Build.0 = Release|Any CPU
		{F42E57F0-2327-4E3D-B9F6-2403B6C6CC9D}.Debug|Any CPU.ActiveCfg = Debug|Any CPU
		{F42E57F0-2327-4E3D-B9F6-2403B6C6CC9D}.Debug|Any CPU.Build.0 = Debug|Any CPU
		{F42E57F0-2327-4E3D-B9F6-2403B6C6CC9D}.Release|Any CPU.ActiveCfg = Release|Any CPU
		{F42E57F0-2327-4E3D-B9F6-2403B6C6CC9D}.Release|Any CPU.Build.0 = Release|Any CPU
		{0B98B72C-D435-4747-AEFC-04E8E862A06F}.Debug|Any CPU.ActiveCfg = Debug|Any CPU
		{0B98B72C-D435-4747-AEFC-04E8E862A06F}.Debug|Any CPU.Build.0 = Debug|Any CPU
		{0B98B72C-D435-4747-AEFC-04E8E862A06F}.Release|Any CPU.ActiveCfg = Release|Any CPU
		{0B98B72C-D435-4747-AEFC-04E8E862A06F}.Release|Any CPU.Build.0 = Release|Any CPU
	EndGlobalSection
	GlobalSection(SolutionProperties) = preSolution
		HideSolutionNode = FALSE
	EndGlobalSection
EndGlobal
